
Microsoft Visual Studio Solution File, Format Version 12.00
# Visual Studio Version 17
VisualStudioVersion = 17.7.34031.279
MinimumVisualStudioVersion = 10.0.40219.1
Project("{FAE04EC0-301F-11D3-BF4B-00C04F79EFBC}") = "AutomobileLibrary", "AutomobileLibrary\AutomobileLibrary.csproj", "{973CBB53-50C2-4FC3-BB94-1EBE8C353902}"
EndProject
Project("{FAE04EC0-301F-11D3-BF4B-00C04F79EFBC}") = "AutomobileWinApp", "AutomobileWinApp\AutomobileWinApp.csproj", "{5041F38B-17BA-4D53-AF58-A7B29BA5F418}"
EndProject
Global
	GlobalSection(SolutionConfigurationPlatforms) = preSolution
		Debug|Any CPU = Debug|Any CPU
		Release|Any CPU = Release|Any CPU
	EndGlobalSection
	GlobalSection(ProjectConfigurationPlatforms) = postSolution
		{973CBB53-50C2-4FC3-BB94-1EBE8C353902}.Debug|Any CPU.ActiveCfg = Debug|Any CPU
		{973CBB53-50C2-4FC3-BB94-1EBE8C353902}.Debug|Any CPU.Build.0 = Debug|Any CPU
		{973CBB53-50C2-4FC3-BB94-1EBE8C353902}.Release|Any CPU.ActiveCfg = Release|Any CPU
		{973CBB53-50C2-4FC3-BB94-1EBE8C353902}.Release|Any CPU.Build.0 = Release|Any CPU
		{5041F38B-17BA-4D53-AF58-A7B29BA5F418}.Debug|Any CPU.ActiveCfg = Debug|Any CPU
		{5041F38B-17BA-4D53-AF58-A7B29BA5F418}.Debug|Any CPU.Build.0 = Debug|Any CPU
		{5041F38B-17BA-4D53-AF58-A7B29BA5F418}.Release|Any CPU.ActiveCfg = Release|Any CPU
		{5041F38B-17BA-4D53-AF58-A7B29BA5F418}.Release|Any CPU.Build.0 = Release|Any CPU
	EndGlobalSection
	GlobalSection(SolutionProperties) = preSolution
		HideSolutionNode = FALSE
	EndGlobalSection
	GlobalSection(ExtensibilityGlobals) = postSolution
		SolutionGuid = {BBC3D55D-4451-43A0-8C9D-AA67BFC13984}
	EndGlobalSection
EndGlobal
